// !$*UTF8*$!
{
	archiveVersion = 1;
	classes = {
	};
	objectVersion = 56;
	objects = {

/* Begin PBXBuildFile section */
		B271E5B029E8463300C5263C /* AppDelegate.swift in Sources */ = {isa = PBXBuildFile; fileRef = B271E5AF29E8463300C5263C /* AppDelegate.swift */; };
		B271E5B229E8463300C5263C /* SceneDelegate.swift in Sources */ = {isa = PBXBuildFile; fileRef = B271E5B129E8463300C5263C /* SceneDelegate.swift */; };
		B271E5B429E8463300C5263C /* ViewController.swift in Sources */ = {isa = PBXBuildFile; fileRef = B271E5B329E8463300C5263C /* ViewController.swift */; };
		B271E5B729E8463300C5263C /* Main.storyboard in Resources */ = {isa = PBXBuildFile; fileRef = B271E5B529E8463300C5263C /* Main.storyboard */; };
		B271E5B929E8463400C5263C /* Assets.xcassets in Resources */ = {isa = PBXBuildFile; fileRef = B271E5B829E8463400C5263C /* Assets.xcassets */; };
		B271E5BC29E8463400C5263C /* LaunchScreen.storyboard in Resources */ = {isa = PBXBuildFile; fileRef = B271E5BA29E8463400C5263C /* LaunchScreen.storyboard */; };
		B271E5C429E8479300C5263C /* GameViewController.swift in Sources */ = {isa = PBXBuildFile; fileRef = B271E5C329E8479300C5263C /* GameViewController.swift */; };
/* End PBXBuildFile section */

/* Begin PBXFileReference section */
		B271E5AC29E8463300C5263C /* CatchTheFamilyGuys.app */ = {isa = PBXFileReference; explicitFileType = wrapper.application; includeInIndex = 0; path = CatchTheFamilyGuys.app; sourceTree = BUILT_PRODUCTS_DIR; };
		B271E5AF29E8463300C5263C /* AppDelegate.swift */ = {isa = PBXFileReference; lastKnownFileType = sourcecode.swift; path = AppDelegate.swift; sourceTree = "<group>"; };
		B271E5B129E8463300C5263C /* SceneDelegate.swift */ = {isa = PBXFileReference; lastKnownFileType = sourcecode.swift; path = SceneDelegate.swift; sourceTree = "<group>"; };
		B271E5B329E8463300C5263C /* ViewController.swift */ = {isa = PBXFileReference; lastKnownFileType = sourcecode.swift; path = ViewController.swift; sourceTree = "<group>"; };
		B271E5B629E8463300C5263C /* Base */ = {isa = PBXFileReference; lastKnownFileType = file.storyboard; name = Base; path = Base.lproj/Main.storyboard; sourceTree = "<group>"; };
		B271E5B829E8463400C5263C /* Assets.xcassets */ = {isa = PBXFileReference; lastKnownFileType = folder.assetcatalog; path = Assets.xcassets; sourceTree = "<group>"; };
		B271E5BB29E8463400C5263C /* Base */ = {isa = PBXFileReference; lastKnownFileType = file.storyboard; name = Base; path = Base.lproj/LaunchScreen.storyboard; sourceTree = "<group>"; };
		B271E5BD29E8463400C5263C /* Info.plist */ = {isa = PBXFileReference; lastKnownFileType = text.plist.xml; path = Info.plist; sourceTree = "<group>"; };
		B271E5C329E8479300C5263C /* GameViewController.swift */ = {isa = PBXFileReference; lastKnownFileType = sourcecode.swift; path = GameViewController.swift; sourceTree = "<group>"; };
/* End PBXFileReference section */

/* Begin PBXFrameworksBuildPhase section */
		B271E5A929E8463300C5263C /* Frameworks */ = {
			isa = PBXFrameworksBuildPhase;
			buildActionMask = 2147483647;
			files = (
			);
			runOnlyForDeploymentPostprocessing = 0;
		};
/* End PBXFrameworksBuildPhase section */

/* Begin PBXGroup section */
		B271E5A329E8463300C5263C = {
			isa = PBXGroup;
			children = (
				B271E5AE29E8463300C5263C /* CatchTheFamilyGuys */,
				B271E5AD29E8463300C5263C /* Products */,
			);
			sourceTree = "<group>";
		};
		B271E5AD29E8463300C5263C /* Products */ = {
			isa = PBXGroup;
			children = (
				B271E5AC29E8463300C5263C /* CatchTheFamilyGuys.app */,
			);
			name = Products;
			sourceTree = "<group>";
		};
		B271E5AE29E8463300C5263C /* CatchTheFamilyGuys */ = {
			isa = PBXGroup;
			children = (
				B271E5AF29E8463300C5263C /* AppDelegate.swift */,
				B271E5B129E8463300C5263C /* SceneDelegate.swift */,
				B271E5B329E8463300C5263C /* ViewController.swift */,
				B271E5C329E8479300C5263C /* GameViewController.swift */,
				B271E5B529E8463300C5263C /* Main.storyboard */,
				B271E5B829E8463400C5263C /* Assets.xcassets */,
				B271E5BA29E8463400C5263C /* LaunchScreen.storyboard */,
				B271E5BD29E8463400C5263C /* Info.plist */,
			);
			path = CatchTheFamilyGuys;
			sourceTree = "<group>";
		};
/* End PBXGroup section */

/* Begin PBXNativeTarget section */
		B271E5AB29E8463300C5263C /* CatchTheFamilyGuys */ = {
			isa = PBXNativeTarget;
			buildConfigurationList = B271E5C029E8463400C5263C /* Build configuration list for PBXNativeTarget "CatchTheFamilyGuys" */;
			buildPhases = (
				B271E5A829E8463300C5263C /* Sources */,
				B271E5A929E8463300C5263C /* Frameworks */,
				B271E5AA29E8463300C5263C /* Resources */,
			);
			buildRules = (
			);
			dependencies = (
			);
			name = CatchTheFamilyGuys;
			productName = CatchTheFamilyGuys;
			productReference = B271E5AC29E8463300C5263C /* CatchTheFamilyGuys.app */;
			productType = "com.apple.product-type.application";
		};
/* End PBXNativeTarget section */

/* Begin PBXProject section */
		B271E5A429E8463300C5263C /* Project object */ = {
			isa = PBXProject;
			attributes = {
				BuildIndependentTargetsInParallel = 1;
				LastSwiftUpdateCheck = 1430;
				LastUpgradeCheck = 1430;
				TargetAttributes = {
					B271E5AB29E8463300C5263C = {
						CreatedOnToolsVersion = 14.3;
					};
				};
			};
			buildConfigurationList = B271E5A729E8463300C5263C /* Build configuration list for PBXProject "CatchTheFamilyGuys" */;
			compatibilityVersion = "Xcode 14.0";
			developmentRegion = en;
			hasScannedForEncodings = 0;
			knownRegions = (
				en,
				Base,
			);
			mainGroup = B271E5A329E8463300C5263C;
			productRefGroup = B271E5AD29E8463300C5263C /* Products */;
			projectDirPath = "";
			projectRoot = "";
			targets = (
				B271E5AB29E8463300C5263C /* CatchTheFamilyGuys */,
			);
		};
/* End PBXProject section */

/* Begin PBXResourcesBuildPhase section */
		B271E5AA29E8463300C5263C /* Resources */ = {
			isa = PBXResourcesBuildPhase;
			buildActionMask = 2147483647;
			files = (
				B271E5BC29E8463400C5263C /* LaunchScreen.storyboard in Resources */,
				B271E5B929E8463400C5263C /* Assets.xcassets in Resources */,
				B271E5B729E8463300C5263C /* Main.storyboard in Resources */,
			);
			runOnlyForDeploymentPostprocessing = 0;
		};
/* End PBXResourcesBuildPhase section */

/* Begin PBXSourcesBuildPhase section */
		B271E5A829E8463300C5263C /* Sources */ = {
			isa = PBXSourcesBuildPhase;
			buildActionMask = 2147483647;
			files = (
				B271E5C429E8479300C5263C /* GameViewController.swift in Sources */,
				B271E5B429E8463300C5263C /* ViewController.swift in Sources */,
				B271E5B029E8463300C5263C /* AppDelegate.swift in Sources */,
				B271E5B229E8463300C5263C /* SceneDelegate.swift in Sources */,
			);
			runOnlyForDeploymentPostprocessing = 0;
		};
/* End PBXSourcesBuildPhase section */

/* Begin PBXVariantGroup section */
		B271E5B529E8463300C5263C /* Main.storyboard */ = {
			isa = PBXVariantGroup;
			children = (
				B271E5B629E8463300C5263C /* Base */,
			);
			name = Main.storyboard;
			sourceTree = "<group>";
		};
		B271E5BA29E8463400C5263C /* LaunchScreen.storyboard */ = {
			isa = PBXVariantGroup;
			children = (
				B271E5BB29E8463400C5263C /* Base */,
			);
			name = LaunchScreen.storyboard;
			sourceTree = "<group>";
		};
/* End PBXVariantGroup section */

/* Begin XCBuildConfiguration section */
		B271E5BE29E8463400C5263C /* Debug */ = {
			isa = XCBuildConfiguration;
			buildSettings = {
				ALWAYS_SEARCH_USER_PATHS = NO;
				CLANG_ANALYZER_NONNULL = YES;
				CLANG_ANALYZER_NUMBER_OBJECT_CONVERSION = YES_AGGRESSIVE;
				CLANG_CXX_LANGUAGE_STANDARD = "gnu++20";
				CLANG_ENABLE_MODULES = YES;
				CLANG_ENABLE_OBJC_ARC = YES;
				CLANG_ENABLE_OBJC_WEAK = YES;
				CLANG_WARN_BLOCK_CAPTURE_AUTORELEASING = YES;
				CLANG_WARN_BOOL_CONVERSION = YES;
				CLANG_WARN_COMMA = YES;
				CLANG_WARN_CONSTANT_CONVERSION = YES;
				CLANG_WARN_DEPRECATED_OBJC_IMPLEMENTATIONS = YES;
				CLANG_WARN_DIRECT_OBJC_ISA_USAGE = YES_ERROR;
				CLANG_WARN_DOCUMENTATION_COMMENTS = YES;
				CLANG_WARN_EMPTY_BODY = YES;
				CLANG_WARN_ENUM_CONVERSION = YES;
				CLANG_WARN_INFINITE_RECURSION = YES;
				CLANG_WARN_INT_CONVERSION = YES;
				CLANG_WARN_NON_LITERAL_NULL_CONVERSION = YES;
				CLANG_WARN_OBJC_IMPLICIT_RETAIN_SELF = YES;
				CLANG_WARN_OBJC_LITERAL_CONVERSION = YES;
				CLANG_WARN_OBJC_ROOT_CLASS = YES_ERROR;
				CLANG_WARN_QUOTED_INCLUDE_IN_FRAMEWORK_HEADER = YES;
				CLANG_WARN_RANGE_LOOP_ANALYSIS = YES;
				CLANG_WARN_STRICT_PROTOTYPES = YES;
				CLANG_WARN_SUSPICIOUS_MOVE = YES;
				CLANG_WARN_UNGUARDED_AVAILABILITY = YES_AGGRESSIVE;
				CLANG_WARN_UNREACHABLE_CODE = YES;
				CLANG_WARN__DUPLICATE_METHOD_MATCH = YES;
				COPY_PHASE_STRIP = NO;
				DEBUG_INFORMATION_FORMAT = dwarf;
				ENABLE_STRICT_OBJC_MSGSEND = YES;
				ENABLE_TESTABILITY = YES;
				GCC_C_LANGUAGE_STANDARD = gnu11;
				GCC_DYNAMIC_NO_PIC = NO;
				GCC_NO_COMMON_BLOCKS = YES;
				GCC_OPTIMIZATION_LEVEL = 0;
				GCC_PREPROCESSOR_DEFINITIONS = (
					"DEBUG=1",
					"$(inherited)",
				);
				GCC_WARN_64_TO_32_BIT_CONVERSION = YES;
				GCC_WARN_ABOUT_RETURN_TYPE = YES_ERROR;
				GCC_WARN_UNDECLARED_SELECTOR = YES;
				GCC_WARN_UNINITIALIZED_AUTOS = YES_AGGRESSIVE;
				GCC_WARN_UNUSED_FUNCTION = YES;
				GCC_WARN_UNUSED_VARIABLE = YES;
				IPHONEOS_DEPLOYMENT_TARGET = 16.4;
				MTL_ENABLE_DEBUG_INFO = INCLUDE_SOURCE;
				MTL_FAST_MATH = YES;
				ONLY_ACTIVE_ARCH = YES;
				SDKROOT = iphoneos;
				SWIFT_ACTIVE_COMPILATION_CONDITIONS = DEBUG;
				SWIFT_OPTIMIZATION_LEVEL = "-Onone";
			};
			name = Debug;
		};
		B271E5BF29E8463400C5263C /* Release */ = {
			isa = XCBuildConfiguration;
			buildSettings = {
				ALWAYS_SEARCH_USER_PATHS = NO;
				CLANG_ANALYZER_NONNULL = YES;
				CLANG_ANALYZER_NUMBER_OBJECT_CONVERSION = YES_AGGRESSIVE;
				CLANG_CXX_LANGUAGE_STANDARD = "gnu++20";
				CLANG_ENABLE_MODULES = YES;
				CLANG_ENABLE_OBJC_ARC = YES;
				CLANG_ENABLE_OBJC_WEAK = YES;
				CLANG_WARN_BLOCK_CAPTURE_AUTORELEASING = YES;
				CLANG_WARN_BOOL_CONVERSION = YES;
				CLANG_WARN_COMMA = YES;
				CLANG_WARN_CONSTANT_CONVERSION = YES;
				CLANG_WARN_DEPRECATED_OBJC_IMPLEMENTATIONS = YES;
				CLANG_WARN_DIRECT_OBJC_ISA_USAGE = YES_ERROR;
				CLANG_WARN_DOCUMENTATION_COMMENTS = YES;
				CLANG_WARN_EMPTY_BODY = YES;
				CLANG_WARN_ENUM_CONVERSION = YES;
				CLANG_WARN_INFINITE_RECURSION = YES;
				CLANG_WARN_INT_CONVERSION = YES;
				CLANG_WARN_NON_LITERAL_NULL_CONVERSION = YES;
				CLANG_WARN_OBJC_IMPLICIT_RETAIN_SELF = YES;
				CLANG_WARN_OBJC_LITERAL_CONVERSION = YES;
				CLANG_WARN_OBJC_ROOT_CLASS = YES_ERROR;
				CLANG_WARN_QUOTED_INCLUDE_IN_FRAMEWORK_HEADER = YES;
				CLANG_WARN_RANGE_LOOP_ANALYSIS = YES;
				CLANG_WARN_STRICT_PROTOTYPES = YES;
				CLANG_WARN_SUSPICIOUS_MOVE = YES;
				CLANG_WARN_UNGUARDED_AVAILABILITY = YES_AGGRESSIVE;
				CLANG_WARN_UNREACHABLE_CODE = YES;
				CLANG_WARN__DUPLICATE_METHOD_MATCH = YES;
				COPY_PHASE_STRIP = NO;
				DEBUG_INFORMATION_FORMAT = "dwarf-with-dsym";
				ENABLE_NS_ASSERTIONS = NO;
				ENABLE_STRICT_OBJC_MSGSEND = YES;
				GCC_C_LANGUAGE_STANDARD = gnu11;
				GCC_NO_COMMON_BLOCKS = YES;
				GCC_WARN_64_TO_32_BIT_CONVERSION = YES;
				GCC_WARN_ABOUT_RETURN_TYPE = YES_ERROR;
				GCC_WARN_UNDECLARED_SELECTOR = YES;
				GCC_WARN_UNINITIALIZED_AUTOS = YES_AGGRESSIVE;
				GCC_WARN_UNUSED_FUNCTION = YES;
				GCC_WARN_UNUSED_VARIABLE = YES;
				IPHONEOS_DEPLOYMENT_TARGET = 16.4;
				MTL_ENABLE_DEBUG_INFO = NO;
				MTL_FAST_MATH = YES;
				SDKROOT = iphoneos;
				SWIFT_COMPILATION_MODE = wholemodule;
				SWIFT_OPTIMIZATION_LEVEL = "-O";
				VALIDATE_PRODUCT = YES;
			};
			name = Release;
		};
		B271E5C129E8463400C5263C /* Debug */ = {
			isa = XCBuildConfiguration;
			buildSettings = {
				ASSETCATALOG_COMPILER_APPICON_NAME = AppIcon;
				ASSETCATALOG_COMPILER_GLOBAL_ACCENT_COLOR_NAME = AccentColor;
				CODE_SIGN_STYLE = Automatic;
				CURRENT_PROJECT_VERSION = 1;
				DEVELOPMENT_TEAM = D9H9VN73YZ;
				GENERATE_INFOPLIST_FILE = YES;
				INFOPLIST_FILE = CatchTheFamilyGuys/Info.plist;
				INFOPLIST_KEY_UIApplicationSupportsIndirectInputEvents = YES;
				INFOPLIST_KEY_UILaunchStoryboardName = LaunchScreen;
				INFOPLIST_KEY_UIMainStoryboardFile = Main;
				INFOPLIST_KEY_UISupportedInterfaceOrientations_iPad = "UIInterfaceOrientationPortrait UIInterfaceOrientationPortraitUpsideDown UIInterfaceOrientationLandscapeLeft UIInterfaceOrientationLandscapeRight";
				INFOPLIST_KEY_UISupportedInterfaceOrientations_iPhone = "UIInterfaceOrientationPortrait UIInterfaceOrientationLandscapeLeft UIInterfaceOrientationLandscapeRight";
				LD_RUNPATH_SEARCH_PATHS = (
					"$(inherited)",
					"@executable_path/Frameworks",
				);
				MARKETING_VERSION = 1.0;
				PRODUCT_BUNDLE_IDENTIFIER = com.alimertkaya.CatchTheFamilyGuys;
				PRODUCT_NAME = "$(TARGET_NAME)";
				SWIFT_EMIT_LOC_STRINGS = YES;
				SWIFT_VERSION = 5.0;
				TARGETED_DEVICE_FAMILY = "1,2";
			};
			name = Debug;
		};
		B271E5C229E8463400C5263C /* Release */ = {
			isa = XCBuildConfiguration;
			buildSettings = {
				ASSETCATALOG_COMPILER_APPICON_NAME = AppIcon;
				ASSETCATALOG_COMPILER_GLOBAL_ACCENT_COLOR_NAME = AccentColor;
				CODE_SIGN_STYLE = Automatic;
				CURRENT_PROJECT_VERSION = 1;
				DEVELOPMENT_TEAM = D9H9VN73YZ;
				GENERATE_INFOPLIST_FILE = YES;
				INFOPLIST_FILE = CatchTheFamilyGuys/Info.plist;
				INFOPLIST_KEY_UIApplicationSupportsIndirectInputEvents = YES;
				INFOPLIST_KEY_UILaunchStoryboardName = LaunchScreen;
				INFOPLIST_KEY_UIMainStoryboardFile = Main;
				INFOPLIST_KEY_UISupportedInterfaceOrientations_iPad = "UIInterfaceOrientationPortrait UIInterfaceOrientationPortraitUpsideDown UIInterfaceOrientationLandscapeLeft UIInterfaceOrientationLandscapeRight";
				INFOPLIST_KEY_UISupportedInterfaceOrientations_iPhone = "UIInterfaceOrientationPortrait UIInterfaceOrientationLandscapeLeft UIInterfaceOrientationLandscapeRight";
				LD_RUNPATH_SEARCH_PATHS = (
					"$(inherited)",
					"@executable_path/Frameworks",
				);
				MARKETING_VERSION = 1.0;
				PRODUCT_BUNDLE_IDENTIFIER = com.alimertkaya.CatchTheFamilyGuys;
				PRODUCT_NAME = "$(TARGET_NAME)";
				SWIFT_EMIT_LOC_STRINGS = YES;
				SWIFT_VERSION = 5.0;
				TARGETED_DEVICE_FAMILY = "1,2";
			};
			name = Release;
		};
/* End XCBuildConfiguration section */

/* Begin XCConfigurationList section */
		B271E5A729E8463300C5263C /* Build configuration list for PBXProject "CatchTheFamilyGuys" */ = {
			isa = XCConfigurationList;
			buildConfigurations = (
				B271E5BE29E8463400C5263C /* Debug */,
				B271E5BF29E8463400C5263C /* Release */,
			);
			defaultConfigurationIsVisible = 0;
			defaultConfigurationName = Release;
		};
		B271E5C029E8463400C5263C /* Build configuration list for PBXNativeTarget "CatchTheFamilyGuys" */ = {
			isa = XCConfigurationList;
			buildConfigurations = (
				B271E5C129E8463400C5263C /* Debug */,
				B271E5C229E8463400C5263C /* Release */,
			);
			defaultConfigurationIsVisible = 0;
			defaultConfigurationName = Release;
		};
/* End XCConfigurationList section */
	};
	rootObject = B271E5A429E8463300C5263C /* Project object */;
}
